
Microsoft Visual Studio Solution File, Format Version 12.00
# Visual Studio Version 17
VisualStudioVersion = 17.10.35122.118
MinimumVisualStudioVersion = 10.0.40219.1
Project("{FAE04EC0-301F-11D3-BF4B-00C04F79EFBC}") = "TestTask3", "TestTask3\TestTask3.csproj", "{BFCF8C11-CC26-4889-AA3A-BF1E5CC210E8}"
EndProject
Global
	GlobalSection(SolutionConfigurationPlatforms) = preSolution
		Debug|Any CPU = Debug|Any CPU
		Release|Any CPU = Release|Any CPU
	EndGlobalSection
	GlobalSection(ProjectConfigurationPlatforms) = postSolution
		{BFCF8C11-CC26-4889-AA3A-BF1E5CC210E8}.Debug|Any CPU.ActiveCfg = Debug|Any CPU
		{BFCF8C11-CC26-4889-AA3A-BF1E5CC210E8}.Debug|Any CPU.Build.0 = Debug|Any CPU
		{BFCF8C11-CC26-4889-AA3A-BF1E5CC210E8}.Release|Any CPU.ActiveCfg = Release|Any CPU
		{BFCF8C11-CC26-4889-AA3A-BF1E5CC210E8}.Release|Any CPU.Build.0 = Release|Any CPU
	EndGlobalSection
	GlobalSection(SolutionProperties) = preSolution
		HideSolutionNode = FALSE
	EndGlobalSection
	GlobalSection(ExtensibilityGlobals) = postSolution
		SolutionGuid = {3858C39F-673D-46CF-8D1A-28902D96B124}
	EndGlobalSection
EndGlobal
